// !$*UTF8*$!
{
	archiveVersion = 1;
	classes = {
	};
	objectVersion = 51;
	objects = {

/* Begin PBXBuildFile section */
		3EF80D34254C907800133465 /* NewTableViewController.swift in Sources */ = {isa = PBXBuildFile; fileRef = 3EF80D33254C907800133465 /* NewTableViewController.swift */; };
		E4AC375725613ADC0059F2AB /* mapManager.swift in Sources */ = {isa = PBXBuildFile; fileRef = E4AC375625613ADC0059F2AB /* mapManager.swift */; };
		E62877A82546908E008029D0 /* AppDelegate.swift in Sources */ = {isa = PBXBuildFile; fileRef = E62877A72546908E008029D0 /* AppDelegate.swift */; };
		E62877AA2546908E008029D0 /* SceneDelegate.swift in Sources */ = {isa = PBXBuildFile; fileRef = E62877A92546908E008029D0 /* SceneDelegate.swift */; };
		E62877AF2546908E008029D0 /* Main.storyboard in Resources */ = {isa = PBXBuildFile; fileRef = E62877AD2546908E008029D0 /* Main.storyboard */; };
		E62877B12546908F008029D0 /* Assets.xcassets in Resources */ = {isa = PBXBuildFile; fileRef = E62877B02546908F008029D0 /* Assets.xcassets */; };
		E62877B42546908F008029D0 /* LaunchScreen.storyboard in Resources */ = {isa = PBXBuildFile; fileRef = E62877B22546908F008029D0 /* LaunchScreen.storyboard */; };
		E62877C025469EAF008029D0 /* MainTableViewController.swift in Sources */ = {isa = PBXBuildFile; fileRef = E62877BF25469EAF008029D0 /* MainTableViewController.swift */; };
		E6597F0F254EA913004D86BA /* Pods_Theathre.framework in Frameworks */ = {isa = PBXBuildFile; fileRef = EC6079A6A5AECE40C3D900E1 /* Pods_Theathre.framework */; };
		E6597F10254EA913004D86BA /* Pods_Theathre.framework in Embed Frameworks */ = {isa = PBXBuildFile; fileRef = EC6079A6A5AECE40C3D900E1 /* Pods_Theathre.framework */; settings = {ATTRIBUTES = (CodeSignOnCopy, RemoveHeadersOnCopy, ); }; };
		E679EDB5254D5CEA0083BB85 /* Theathre.swift in Sources */ = {isa = PBXBuildFile; fileRef = E679EDB4254D5CEA0083BB85 /* Theathre.swift */; };
		E6BB39322556ABCE006E6800 /* RatingControll.swift in Sources */ = {isa = PBXBuildFile; fileRef = E6BB39312556ABCE006E6800 /* RatingControll.swift */; };
		E6BE74A72558549F00510B58 /* MapViewController.swift in Sources */ = {isa = PBXBuildFile; fileRef = E6BE74A62558549F00510B58 /* MapViewController.swift */; };
		E6CF02B72548705E0033E44A /* MainTableViewCell.swift in Sources */ = {isa = PBXBuildFile; fileRef = E6CF02B62548705E0033E44A /* MainTableViewCell.swift */; };
		E6DA4D11254EAF2200F306C3 /* StorageManager.swift in Sources */ = {isa = PBXBuildFile; fileRef = E6DA4D10254EAF2100F306C3 /* StorageManager.swift */; };
/* End PBXBuildFile section */

/* Begin PBXCopyFilesBuildPhase section */
		E6EDEF03254EA87400A5C64A /* Embed Frameworks */ = {
			isa = PBXCopyFilesBuildPhase;
			buildActionMask = 2147483647;
			dstPath = "";
			dstSubfolderSpec = 10;
			files = (
				E6597F10254EA913004D86BA /* Pods_Theathre.framework in Embed Frameworks */,
			);
			name = "Embed Frameworks";
			runOnlyForDeploymentPostprocessing = 0;
		};
/* End PBXCopyFilesBuildPhase section */

/* Begin PBXFileReference section */
		3EF80D33254C907800133465 /* NewTableViewController.swift */ = {isa = PBXFileReference; lastKnownFileType = sourcecode.swift; path = NewTableViewController.swift; sourceTree = "<group>"; };
		45D09A08600E784E9B328C61 /* Pods-Theathre.release.xcconfig */ = {isa = PBXFileReference; includeInIndex = 1; lastKnownFileType = text.xcconfig; name = "Pods-Theathre.release.xcconfig"; path = "Target Support Files/Pods-Theathre/Pods-Theathre.release.xcconfig"; sourceTree = "<group>"; };
		7DFFAC97B532C0F0DB579D2F /* Pods-Theathre.debug.xcconfig */ = {isa = PBXFileReference; includeInIndex = 1; lastKnownFileType = text.xcconfig; name = "Pods-Theathre.debug.xcconfig"; path = "Target Support Files/Pods-Theathre/Pods-Theathre.debug.xcconfig"; sourceTree = "<group>"; };
		E4AC375625613ADC0059F2AB /* mapManager.swift */ = {isa = PBXFileReference; lastKnownFileType = sourcecode.swift; path = mapManager.swift; sourceTree = "<group>"; };
		E4AC375A25614DC30059F2AB /* ru */ = {isa = PBXFileReference; lastKnownFileType = text.plist.strings; name = ru; path = ru.lproj/Main.strings; sourceTree = "<group>"; };
		E4AC375B25614DC40059F2AB /* ru */ = {isa = PBXFileReference; lastKnownFileType = text.plist.strings; name = ru; path = ru.lproj/LaunchScreen.strings; sourceTree = "<group>"; };
		E62877A42546908E008029D0 /* Theathre.app */ = {isa = PBXFileReference; explicitFileType = wrapper.application; includeInIndex = 0; path = Theathre.app; sourceTree = BUILT_PRODUCTS_DIR; };
		E62877A72546908E008029D0 /* AppDelegate.swift */ = {isa = PBXFileReference; lastKnownFileType = sourcecode.swift; path = AppDelegate.swift; sourceTree = "<group>"; };
		E62877A92546908E008029D0 /* SceneDelegate.swift */ = {isa = PBXFileReference; lastKnownFileType = sourcecode.swift; path = SceneDelegate.swift; sourceTree = "<group>"; };
		E62877AE2546908E008029D0 /* Base */ = {isa = PBXFileReference; lastKnownFileType = file.storyboard; name = Base; path = Base.lproj/Main.storyboard; sourceTree = "<group>"; };
		E62877B02546908F008029D0 /* Assets.xcassets */ = {isa = PBXFileReference; lastKnownFileType = folder.assetcatalog; path = Assets.xcassets; sourceTree = "<group>"; };
		E62877B32546908F008029D0 /* Base */ = {isa = PBXFileReference; lastKnownFileType = file.storyboard; name = Base; path = Base.lproj/LaunchScreen.storyboard; sourceTree = "<group>"; };
		E62877B52546908F008029D0 /* Info.plist */ = {isa = PBXFileReference; lastKnownFileType = text.plist.xml; path = Info.plist; sourceTree = "<group>"; };
		E62877BF25469EAF008029D0 /* MainTableViewController.swift */ = {isa = PBXFileReference; lastKnownFileType = sourcecode.swift; path = MainTableViewController.swift; sourceTree = "<group>"; };
		E679EDB4254D5CEA0083BB85 /* Theathre.swift */ = {isa = PBXFileReference; lastKnownFileType = sourcecode.swift; path = Theathre.swift; sourceTree = "<group>"; };
		E6BB39312556ABCE006E6800 /* RatingControll.swift */ = {isa = PBXFileReference; lastKnownFileType = sourcecode.swift; path = RatingControll.swift; sourceTree = "<group>"; };
		E6BE74A62558549F00510B58 /* MapViewController.swift */ = {isa = PBXFileReference; lastKnownFileType = sourcecode.swift; path = MapViewController.swift; sourceTree = "<group>"; };
		E6CF02B62548705E0033E44A /* MainTableViewCell.swift */ = {isa = PBXFileReference; lastKnownFileType = sourcecode.swift; path = MainTableViewCell.swift; sourceTree = "<group>"; };
		E6DA4D10254EAF2100F306C3 /* StorageManager.swift */ = {isa = PBXFileReference; lastKnownFileType = sourcecode.swift; path = StorageManager.swift; sourceTree = "<group>"; };
		E6DA4D12254EB44B00F306C3 /* RealmSwift.framework */ = {isa = PBXFileReference; explicitFileType = wrapper.framework; path = RealmSwift.framework; sourceTree = BUILT_PRODUCTS_DIR; };
		E6EDEF00254EA87400A5C64A /* RealmSwift.framework */ = {isa = PBXFileReference; explicitFileType = wrapper.framework; path = RealmSwift.framework; sourceTree = BUILT_PRODUCTS_DIR; };
		EC6079A6A5AECE40C3D900E1 /* Pods_Theathre.framework */ = {isa = PBXFileReference; explicitFileType = wrapper.framework; includeInIndex = 0; path = Pods_Theathre.framework; sourceTree = BUILT_PRODUCTS_DIR; };
/* End PBXFileReference section */

/* Begin PBXFrameworksBuildPhase section */
		E62877A12546908E008029D0 /* Frameworks */ = {
			isa = PBXFrameworksBuildPhase;
			buildActionMask = 2147483647;
			files = (
				E6597F0F254EA913004D86BA /* Pods_Theathre.framework in Frameworks */,
			);
			runOnlyForDeploymentPostprocessing = 0;
		};
/* End PBXFrameworksBuildPhase section */

/* Begin PBXGroup section */
		58BA0B2829B2300D0FEB0867 /* Frameworks */ = {
			isa = PBXGroup;
			children = (
				E6DA4D12254EB44B00F306C3 /* RealmSwift.framework */,
				E6EDEF00254EA87400A5C64A /* RealmSwift.framework */,
				EC6079A6A5AECE40C3D900E1 /* Pods_Theathre.framework */,
			);
			name = Frameworks;
			sourceTree = "<group>";
		};
		AE2EEBB650B49D811047A089 /* Pods */ = {
			isa = PBXGroup;
			children = (
				7DFFAC97B532C0F0DB579D2F /* Pods-Theathre.debug.xcconfig */,
				45D09A08600E784E9B328C61 /* Pods-Theathre.release.xcconfig */,
			);
			path = Pods;
			sourceTree = "<group>";
		};
		E47A06CC255C26C70012D4F0 /* Helpers */ = {
			isa = PBXGroup;
			children = (
				E6DA4D10254EAF2100F306C3 /* StorageManager.swift */,
				E4AC375625613ADC0059F2AB /* mapManager.swift */,
				E6BB39312556ABCE006E6800 /* RatingControll.swift */,
			);
			path = Helpers;
			sourceTree = "<group>";
		};
		E4AC375825614C040059F2AB /* Support Files */ = {
			isa = PBXGroup;
			children = (
				E62877A92546908E008029D0 /* SceneDelegate.swift */,
				E62877B52546908F008029D0 /* Info.plist */,
				E62877B02546908F008029D0 /* Assets.xcassets */,
				E62877A72546908E008029D0 /* AppDelegate.swift */,
			);
			path = "Support Files";
			sourceTree = "<group>";
		};
		E4AC375925614C220059F2AB /* IBuilder */ = {
			isa = PBXGroup;
			children = (
				E62877AD2546908E008029D0 /* Main.storyboard */,
				E62877B22546908F008029D0 /* LaunchScreen.storyboard */,
			);
			path = IBuilder;
			sourceTree = "<group>";
		};
		E628779B2546908D008029D0 = {
			isa = PBXGroup;
			children = (
				E62877A62546908E008029D0 /* Theathre */,
				E62877A52546908E008029D0 /* Products */,
				AE2EEBB650B49D811047A089 /* Pods */,
				58BA0B2829B2300D0FEB0867 /* Frameworks */,
			);
			sourceTree = "<group>";
		};
		E62877A52546908E008029D0 /* Products */ = {
			isa = PBXGroup;
			children = (
				E62877A42546908E008029D0 /* Theathre.app */,
			);
			name = Products;
			sourceTree = "<group>";
		};
		E62877A62546908E008029D0 /* Theathre */ = {
			isa = PBXGroup;
			children = (
				E679EDB0254D5C950083BB85 /* ViewControllers */,
				E47A06CC255C26C70012D4F0 /* Helpers */,
				E679EDB7254D5D170083BB85 /* Models */,
				E4AC375825614C040059F2AB /* Support Files */,
				E4AC375925614C220059F2AB /* IBuilder */,
			);
			path = Theathre;
			sourceTree = "<group>";
		};
		E679EDB0254D5C950083BB85 /* ViewControllers */ = {
			isa = PBXGroup;
			children = (
				E6CF02B62548705E0033E44A /* MainTableViewCell.swift */,
				E62877BF25469EAF008029D0 /* MainTableViewController.swift */,
				3EF80D33254C907800133465 /* NewTableViewController.swift */,
				E6BE74A62558549F00510B58 /* MapViewController.swift */,
			);
			path = ViewControllers;
			sourceTree = "<group>";
		};
		E679EDB7254D5D170083BB85 /* Models */ = {
			isa = PBXGroup;
			children = (
				E679EDB4254D5CEA0083BB85 /* Theathre.swift */,
			);
			path = Models;
			sourceTree = "<group>";
		};
/* End PBXGroup section */

/* Begin PBXNativeTarget section */
		E62877A32546908E008029D0 /* Theathre */ = {
			isa = PBXNativeTarget;
			buildConfigurationList = E62877B82546908F008029D0 /* Build configuration list for PBXNativeTarget "Theathre" */;
			buildPhases = (
				7D9A3ECB4DDA8008A89DC0E4 /* [CP] Check Pods Manifest.lock */,
				E62877A02546908E008029D0 /* Sources */,
				E62877A12546908E008029D0 /* Frameworks */,
				E62877A22546908E008029D0 /* Resources */,
				AF327C6A79D588B8DF46B305 /* [CP] Embed Pods Frameworks */,
				E6EDEF03254EA87400A5C64A /* Embed Frameworks */,
			);
			buildRules = (
			);
			dependencies = (
			);
			name = Theathre;
			productName = Theathre;
			productReference = E62877A42546908E008029D0 /* Theathre.app */;
			productType = "com.apple.product-type.application";
		};
/* End PBXNativeTarget section */

/* Begin PBXProject section */
		E628779C2546908D008029D0 /* Project object */ = {
			isa = PBXProject;
			attributes = {
				LastSwiftUpdateCheck = 1210;
				LastUpgradeCheck = 1210;
				TargetAttributes = {
					E62877A32546908E008029D0 = {
						CreatedOnToolsVersion = 12.1;
					};
				};
			};
			buildConfigurationList = E628779F2546908E008029D0 /* Build configuration list for PBXProject "Theathre" */;
			compatibilityVersion = "Xcode 9.3";
			developmentRegion = en;
			hasScannedForEncodings = 0;
			knownRegions = (
				en,
				Base,
				ru,
			);
			mainGroup = E628779B2546908D008029D0;
			productRefGroup = E62877A52546908E008029D0 /* Products */;
			projectDirPath = "";
			projectRoot = "";
			targets = (
				E62877A32546908E008029D0 /* Theathre */,
			);
		};
/* End PBXProject section */

/* Begin PBXResourcesBuildPhase section */
		E62877A22546908E008029D0 /* Resources */ = {
			isa = PBXResourcesBuildPhase;
			buildActionMask = 2147483647;
			files = (
				E62877B42546908F008029D0 /* LaunchScreen.storyboard in Resources */,
				E62877B12546908F008029D0 /* Assets.xcassets in Resources */,
				E62877AF2546908E008029D0 /* Main.storyboard in Resources */,
			);
			runOnlyForDeploymentPostprocessing = 0;
		};
/* End PBXResourcesBuildPhase section */

/* Begin PBXShellScriptBuildPhase section */
		7D9A3ECB4DDA8008A89DC0E4 /* [CP] Check Pods Manifest.lock */ = {
			isa = PBXShellScriptBuildPhase;
			buildActionMask = 2147483647;
			files = (
			);
			inputFileListPaths = (
			);
			inputPaths = (
				"${PODS_PODFILE_DIR_PATH}/Podfile.lock",
				"${PODS_ROOT}/Manifest.lock",
			);
			name = "[CP] Check Pods Manifest.lock";
			outputFileListPaths = (
			);
			outputPaths = (
				"$(DERIVED_FILE_DIR)/Pods-Theathre-checkManifestLockResult.txt",
			);
			runOnlyForDeploymentPostprocessing = 0;
			shellPath = /bin/sh;
			shellScript = "diff \"${PODS_PODFILE_DIR_PATH}/Podfile.lock\" \"${PODS_ROOT}/Manifest.lock\" > /dev/null\nif [ $? != 0 ] ; then\n    # print error to STDERR\n    echo \"error: The sandbox is not in sync with the Podfile.lock. Run 'pod install' or update your CocoaPods installation.\" >&2\n    exit 1\nfi\n# This output is used by Xcode 'outputs' to avoid re-running this script phase.\necho \"SUCCESS\" > \"${SCRIPT_OUTPUT_FILE_0}\"\n";
			showEnvVarsInLog = 0;
		};
		AF327C6A79D588B8DF46B305 /* [CP] Embed Pods Frameworks */ = {
			isa = PBXShellScriptBuildPhase;
			buildActionMask = 2147483647;
			files = (
			);
			inputFileListPaths = (
				"${PODS_ROOT}/Target Support Files/Pods-Theathre/Pods-Theathre-frameworks-${CONFIGURATION}-input-files.xcfilelist",
			);
			name = "[CP] Embed Pods Frameworks";
			outputFileListPaths = (
				"${PODS_ROOT}/Target Support Files/Pods-Theathre/Pods-Theathre-frameworks-${CONFIGURATION}-output-files.xcfilelist",
			);
			runOnlyForDeploymentPostprocessing = 0;
			shellPath = /bin/sh;
			shellScript = "\"${PODS_ROOT}/Target Support Files/Pods-Theathre/Pods-Theathre-frameworks.sh\"\n";
			showEnvVarsInLog = 0;
		};
/* End PBXShellScriptBuildPhase section */

/* Begin PBXSourcesBuildPhase section */
		E62877A02546908E008029D0 /* Sources */ = {
			isa = PBXSourcesBuildPhase;
			buildActionMask = 2147483647;
			files = (
				3EF80D34254C907800133465 /* NewTableViewController.swift in Sources */,
				E6BB39322556ABCE006E6800 /* RatingControll.swift in Sources */,
				E62877A82546908E008029D0 /* AppDelegate.swift in Sources */,
				E679EDB5254D5CEA0083BB85 /* Theathre.swift in Sources */,
				E6BE74A72558549F00510B58 /* MapViewController.swift in Sources */,
				E6DA4D11254EAF2200F306C3 /* StorageManager.swift in Sources */,
				E4AC375725613ADC0059F2AB /* mapManager.swift in Sources */,
				E62877C025469EAF008029D0 /* MainTableViewController.swift in Sources */,
				E6CF02B72548705E0033E44A /* MainTableViewCell.swift in Sources */,
				E62877AA2546908E008029D0 /* SceneDelegate.swift in Sources */,
			);
			runOnlyForDeploymentPostprocessing = 0;
		};
/* End PBXSourcesBuildPhase section */

/* Begin PBXVariantGroup section */
		E62877AD2546908E008029D0 /* Main.storyboard */ = {
			isa = PBXVariantGroup;
			children = (
				E62877AE2546908E008029D0 /* Base */,
				E4AC375A25614DC30059F2AB /* ru */,
			);
			name = Main.storyboard;
			sourceTree = "<group>";
		};
		E62877B22546908F008029D0 /* LaunchScreen.storyboard */ = {
			isa = PBXVariantGroup;
			children = (
				E62877B32546908F008029D0 /* Base */,
				E4AC375B25614DC40059F2AB /* ru */,
			);
			name = LaunchScreen.storyboard;
			sourceTree = "<group>";
		};
/* End PBXVariantGroup section */

/* Begin XCBuildConfiguration section */
		E62877B62546908F008029D0 /* Debug */ = {
			isa = XCBuildConfiguration;
			buildSettings = {
				ALWAYS_SEARCH_USER_PATHS = NO;
				CLANG_ANALYZER_LOCALIZABILITY_NONLOCALIZED = YES;
				CLANG_ANALYZER_NONNULL = YES;
				CLANG_ANALYZER_NUMBER_OBJECT_CONVERSION = YES_AGGRESSIVE;
				CLANG_CXX_LANGUAGE_STANDARD = "gnu++14";
				CLANG_CXX_LIBRARY = "libc++";
				CLANG_ENABLE_MODULES = YES;
				CLANG_ENABLE_OBJC_ARC = YES;
				CLANG_ENABLE_OBJC_WEAK = YES;
				CLANG_WARN_BLOCK_CAPTURE_AUTORELEASING = YES;
				CLANG_WARN_BOOL_CONVERSION = YES;
				CLANG_WARN_COMMA = YES;
				CLANG_WARN_CONSTANT_CONVERSION = YES;
				CLANG_WARN_DEPRECATED_OBJC_IMPLEMENTATIONS = YES;
				CLANG_WARN_DIRECT_OBJC_ISA_USAGE = YES_ERROR;
				CLANG_WARN_DOCUMENTATION_COMMENTS = YES;
				CLANG_WARN_EMPTY_BODY = YES;
				CLANG_WARN_ENUM_CONVERSION = YES;
				CLANG_WARN_INFINITE_RECURSION = YES;
				CLANG_WARN_INT_CONVERSION = YES;
				CLANG_WARN_NON_LITERAL_NULL_CONVERSION = YES;
				CLANG_WARN_OBJC_IMPLICIT_RETAIN_SELF = YES;
				CLANG_WARN_OBJC_LITERAL_CONVERSION = YES;
				CLANG_WARN_OBJC_ROOT_CLASS = YES_ERROR;
				CLANG_WARN_QUOTED_INCLUDE_IN_FRAMEWORK_HEADER = YES;
				CLANG_WARN_RANGE_LOOP_ANALYSIS = YES;
				CLANG_WARN_STRICT_PROTOTYPES = YES;
				CLANG_WARN_SUSPICIOUS_MOVE = YES;
				CLANG_WARN_UNGUARDED_AVAILABILITY = YES_AGGRESSIVE;
				CLANG_WARN_UNREACHABLE_CODE = YES;
				CLANG_WARN__DUPLICATE_METHOD_MATCH = YES;
				COPY_PHASE_STRIP = NO;
				DEBUG_INFORMATION_FORMAT = dwarf;
				ENABLE_STRICT_OBJC_MSGSEND = YES;
				ENABLE_TESTABILITY = YES;
				GCC_C_LANGUAGE_STANDARD = gnu11;
				GCC_DYNAMIC_NO_PIC = NO;
				GCC_NO_COMMON_BLOCKS = YES;
				GCC_OPTIMIZATION_LEVEL = 0;
				GCC_PREPROCESSOR_DEFINITIONS = (
					"DEBUG=1",
					"$(inherited)",
				);
				GCC_WARN_64_TO_32_BIT_CONVERSION = YES;
				GCC_WARN_ABOUT_RETURN_TYPE = YES_ERROR;
				GCC_WARN_UNDECLARED_SELECTOR = YES;
				GCC_WARN_UNINITIALIZED_AUTOS = YES_AGGRESSIVE;
				GCC_WARN_UNUSED_FUNCTION = YES;
				GCC_WARN_UNUSED_VARIABLE = YES;
				IPHONEOS_DEPLOYMENT_TARGET = 14.1;
				MTL_ENABLE_DEBUG_INFO = INCLUDE_SOURCE;
				MTL_FAST_MATH = YES;
				ONLY_ACTIVE_ARCH = YES;
				SDKROOT = iphoneos;
				SWIFT_ACTIVE_COMPILATION_CONDITIONS = DEBUG;
				SWIFT_OPTIMIZATION_LEVEL = "-Onone";
			};
			name = Debug;
		};
		E62877B72546908F008029D0 /* Release */ = {
			isa = XCBuildConfiguration;
			buildSettings = {
				ALWAYS_SEARCH_USER_PATHS = NO;
				CLANG_ANALYZER_LOCALIZABILITY_NONLOCALIZED = YES;
				CLANG_ANALYZER_NONNULL = YES;
				CLANG_ANALYZER_NUMBER_OBJECT_CONVERSION = YES_AGGRESSIVE;
				CLANG_CXX_LANGUAGE_STANDARD = "gnu++14";
				CLANG_CXX_LIBRARY = "libc++";
				CLANG_ENABLE_MODULES = YES;
				CLANG_ENABLE_OBJC_ARC = YES;
				CLANG_ENABLE_OBJC_WEAK = YES;
				CLANG_WARN_BLOCK_CAPTURE_AUTORELEASING = YES;
				CLANG_WARN_BOOL_CONVERSION = YES;
				CLANG_WARN_COMMA = YES;
				CLANG_WARN_CONSTANT_CONVERSION = YES;
				CLANG_WARN_DEPRECATED_OBJC_IMPLEMENTATIONS = YES;
				CLANG_WARN_DIRECT_OBJC_ISA_USAGE = YES_ERROR;
				CLANG_WARN_DOCUMENTATION_COMMENTS = YES;
				CLANG_WARN_EMPTY_BODY = YES;
				CLANG_WARN_ENUM_CONVERSION = YES;
				CLANG_WARN_INFINITE_RECURSION = YES;
				CLANG_WARN_INT_CONVERSION = YES;
				CLANG_WARN_NON_LITERAL_NULL_CONVERSION = YES;
				CLANG_WARN_OBJC_IMPLICIT_RETAIN_SELF = YES;
				CLANG_WARN_OBJC_LITERAL_CONVERSION = YES;
				CLANG_WARN_OBJC_ROOT_CLASS = YES_ERROR;
				CLANG_WARN_QUOTED_INCLUDE_IN_FRAMEWORK_HEADER = YES;
				CLANG_WARN_RANGE_LOOP_ANALYSIS = YES;
				CLANG_WARN_STRICT_PROTOTYPES = YES;
				CLANG_WARN_SUSPICIOUS_MOVE = YES;
				CLANG_WARN_UNGUARDED_AVAILABILITY = YES_AGGRESSIVE;
				CLANG_WARN_UNREACHABLE_CODE = YES;
				CLANG_WARN__DUPLICATE_METHOD_MATCH = YES;
				COPY_PHASE_STRIP = NO;
				DEBUG_INFORMATION_FORMAT = "dwarf-with-dsym";
				ENABLE_NS_ASSERTIONS = NO;
				ENABLE_STRICT_OBJC_MSGSEND = YES;
				GCC_C_LANGUAGE_STANDARD = gnu11;
				GCC_NO_COMMON_BLOCKS = YES;
				GCC_WARN_64_TO_32_BIT_CONVERSION = YES;
				GCC_WARN_ABOUT_RETURN_TYPE = YES_ERROR;
				GCC_WARN_UNDECLARED_SELECTOR = YES;
				GCC_WARN_UNINITIALIZED_AUTOS = YES_AGGRESSIVE;
				GCC_WARN_UNUSED_FUNCTION = YES;
				GCC_WARN_UNUSED_VARIABLE = YES;
				IPHONEOS_DEPLOYMENT_TARGET = 14.1;
				MTL_ENABLE_DEBUG_INFO = NO;
				MTL_FAST_MATH = YES;
				SDKROOT = iphoneos;
				SWIFT_COMPILATION_MODE = wholemodule;
				SWIFT_OPTIMIZATION_LEVEL = "-O";
				VALIDATE_PRODUCT = YES;
			};
			name = Release;
		};
		E62877B92546908F008029D0 /* Debug */ = {
			isa = XCBuildConfiguration;
			baseConfigurationReference = 7DFFAC97B532C0F0DB579D2F /* Pods-Theathre.debug.xcconfig */;
			buildSettings = {
				ASSETCATALOG_COMPILER_APPICON_NAME = AppIcon;
				ASSETCATALOG_COMPILER_GLOBAL_ACCENT_COLOR_NAME = AccentColor;
				CODE_SIGN_STYLE = Automatic;
				DEVELOPMENT_TEAM = PZFHJR9YRZ;
				INFOPLIST_FILE = "Theathre/Support Files/Info.plist";
				LD_RUNPATH_SEARCH_PATHS = (
					"$(inherited)",
					"@executable_path/Frameworks",
				);
				PRODUCT_BUNDLE_IDENTIFIER = evgenij.Theathre;
				PRODUCT_NAME = "$(TARGET_NAME)";
				SWIFT_VERSION = 5.0;
				TARGETED_DEVICE_FAMILY = "1,2";
			};
			name = Debug;
		};
		E62877BA2546908F008029D0 /* Release */ = {
			isa = XCBuildConfiguration;
			baseConfigurationReference = 45D09A08600E784E9B328C61 /* Pods-Theathre.release.xcconfig */;
			buildSettings = {
				ASSETCATALOG_COMPILER_APPICON_NAME = AppIcon;
				ASSETCATALOG_COMPILER_GLOBAL_ACCENT_COLOR_NAME = AccentColor;
				CODE_SIGN_STYLE = Automatic;
				DEVELOPMENT_TEAM = PZFHJR9YRZ;
				INFOPLIST_FILE = "Theathre/Support Files/Info.plist";
				LD_RUNPATH_SEARCH_PATHS = (
					"$(inherited)",
					"@executable_path/Frameworks",
				);
				PRODUCT_BUNDLE_IDENTIFIER = evgenij.Theathre;
				PRODUCT_NAME = "$(TARGET_NAME)";
				SWIFT_VERSION = 5.0;
				TARGETED_DEVICE_FAMILY = "1,2";
			};
			name = Release;
		};
/* End XCBuildConfiguration section */

/* Begin XCConfigurationList section */
		E628779F2546908E008029D0 /* Build configuration list for PBXProject "Theathre" */ = {
			isa = XCConfigurationList;
			buildConfigurations = (
				E62877B62546908F008029D0 /* Debug */,
				E62877B72546908F008029D0 /* Release */,
			);
			defaultConfigurationIsVisible = 0;
			defaultConfigurationName = Release;
		};
		E62877B82546908F008029D0 /* Build configuration list for PBXNativeTarget "Theathre" */ = {
			isa = XCConfigurationList;
			buildConfigurations = (
				E62877B92546908F008029D0 /* Debug */,
				E62877BA2546908F008029D0 /* Release */,
			);
			defaultConfigurationIsVisible = 0;
			defaultConfigurationName = Release;
		};
/* End XCConfigurationList section */
	};
	rootObject = E628779C2546908D008029D0 /* Project object */;
}
